// !$*UTF8*$!
{
	archiveVersion = 1;
	classes = {
	};
	objectVersion = 46;
	objects = {

/* Begin PBXBuildFile section */
		561010951F177EF3006C3273 /* IDPBaseContext.swift in Sources */ = {isa = PBXBuildFile; fileRef = 561010941F177EF3006C3273 /* IDPBaseContext.swift */; };
		561010991F17807C006C3273 /* IDPLoginContext.swift in Sources */ = {isa = PBXBuildFile; fileRef = 561010981F17807C006C3273 /* IDPLoginContext.swift */; };
		561010A51F17964F006C3273 /* IDPFriendListContext.swift in Sources */ = {isa = PBXBuildFile; fileRef = 561010A41F17964F006C3273 /* IDPFriendListContext.swift */; };
		561010A91F179BF9006C3273 /* IDPUserCell.swift in Sources */ = {isa = PBXBuildFile; fileRef = 561010A71F179BF9006C3273 /* IDPUserCell.swift */; };
		561010AA1F179BF9006C3273 /* IDPUserCell.xib in Resources */ = {isa = PBXBuildFile; fileRef = 561010A81F179BF9006C3273 /* IDPUserCell.xib */; };
		561010B01F17AB83006C3273 /* IDPUser.swift in Sources */ = {isa = PBXBuildFile; fileRef = 561010AF1F17AB83006C3273 /* IDPUser.swift */; };
		561010B41F17B14C006C3273 /* UINib+IDPExtensions.swift in Sources */ = {isa = PBXBuildFile; fileRef = 561010B31F17B14C006C3273 /* UINib+IDPExtensions.swift */; };
		561010B61F17B234006C3273 /* Array+IDPExtensions.swift in Sources */ = {isa = PBXBuildFile; fileRef = 561010B51F17B234006C3273 /* Array+IDPExtensions.swift */; };
		56235E841F2F161A00595B78 /* RootViewGettable.swift in Sources */ = {isa = PBXBuildFile; fileRef = 56235E831F2F161A00595B78 /* RootViewGettable.swift */; };
		563EF2941F1F3FA600241810 /* IDPFileSystemImageModel.swift in Sources */ = {isa = PBXBuildFile; fileRef = 563EF2931F1F3FA600241810 /* IDPFileSystemImageModel.swift */; };
		563EF2961F1F3FBE00241810 /* IDPInternetImageModel.swift in Sources */ = {isa = PBXBuildFile; fileRef = 563EF2951F1F3FBE00241810 /* IDPInternetImageModel.swift */; };
		563FE3F71F1DF3C8000331B9 /* IDPViewController.swift in Sources */ = {isa = PBXBuildFile; fileRef = 563FE3F61F1DF3C8000331B9 /* IDPViewController.swift */; };
		563FE3FE1F1DF791000331B9 /* IDPObservableObject.swift in Sources */ = {isa = PBXBuildFile; fileRef = 563FE3FA1F1DF791000331B9 /* IDPObservableObject.swift */; };
		563FE3FF1F1DF791000331B9 /* IDPObservationController.swift in Sources */ = {isa = PBXBuildFile; fileRef = 563FE3FB1F1DF791000331B9 /* IDPObservationController.swift */; };
		563FE4001F1DF791000331B9 /* IDPTableViewCell.swift in Sources */ = {isa = PBXBuildFile; fileRef = 563FE3FD1F1DF791000331B9 /* IDPTableViewCell.swift */; };
		563FE4031F1DF7F7000331B9 /* IDPCache.swift in Sources */ = {isa = PBXBuildFile; fileRef = 563FE4021F1DF7F7000331B9 /* IDPCache.swift */; };
		563FE4061F1DFDC3000331B9 /* IDPImageModel.swift in Sources */ = {isa = PBXBuildFile; fileRef = 563FE4051F1DFDC3000331B9 /* IDPImageModel.swift */; };
		563FE4081F1E0042000331B9 /* URL+IDPExtensions.swift in Sources */ = {isa = PBXBuildFile; fileRef = 563FE4071F1E0042000331B9 /* URL+IDPExtensions.swift */; };
		563FE40A1F1E00A0000331B9 /* FileManager+IDPExtensions.swift in Sources */ = {isa = PBXBuildFile; fileRef = 563FE4091F1E00A0000331B9 /* FileManager+IDPExtensions.swift */; };
		563FE40F1F1E2E62000331B9 /* IDPGCD.swift in Sources */ = {isa = PBXBuildFile; fileRef = 563FE40E1F1E2E62000331B9 /* IDPGCD.swift */; };
		5642CE141F18A287002D9F5C /* UITableView+Extensions.swift in Sources */ = {isa = PBXBuildFile; fileRef = 5642CE131F18A287002D9F5C /* UITableView+Extensions.swift */; };
		5642CE171F18BEFB002D9F5C /* IDPModel.swift in Sources */ = {isa = PBXBuildFile; fileRef = 5642CE161F18BEFB002D9F5C /* IDPModel.swift */; };
		5642CE1A1F18C089002D9F5C /* IDPArrayModel.swift in Sources */ = {isa = PBXBuildFile; fileRef = 5642CE191F18C089002D9F5C /* IDPArrayModel.swift */; };
		5642CE1C1F18D521002D9F5C /* Optional+IDPExtensions.swift in Sources */ = {isa = PBXBuildFile; fileRef = 5642CE1B1F18D521002D9F5C /* Optional+IDPExtensions.swift */; };
		5642CE1F1F18F20E002D9F5C /* IDPUsersModel.swift in Sources */ = {isa = PBXBuildFile; fileRef = 5642CE1E1F18F20E002D9F5C /* IDPUsersModel.swift */; };
		5642CE261F191060002D9F5C /* IDPLoadingViewContainer.swift in Sources */ = {isa = PBXBuildFile; fileRef = 5642CE251F191060002D9F5C /* IDPLoadingViewContainer.swift */; };
		5642CE281F1910BE002D9F5C /* IDPLoadingView.swift in Sources */ = {isa = PBXBuildFile; fileRef = 5642CE271F1910BE002D9F5C /* IDPLoadingView.swift */; };
		5642CE2A1F1910D3002D9F5C /* ActivityIndicatorLoadingView.xib in Resources */ = {isa = PBXBuildFile; fileRef = 5642CE291F1910D3002D9F5C /* ActivityIndicatorLoadingView.xib */; };
		56449E9E1F272CE700CC092D /* ActivityIndicatorLoadingView.swift in Sources */ = {isa = PBXBuildFile; fileRef = 56449E9D1F272CE700CC092D /* ActivityIndicatorLoadingView.swift */; };
		565B0B4E1F29E59C0045C59C /* NSLock+Extensions.swift in Sources */ = {isa = PBXBuildFile; fileRef = 565B0B4D1F29E59C0045C59C /* NSLock+Extensions.swift */; };
		5661B7E51F2631B50007C7B5 /* FriendsDetailViewController.swift in Sources */ = {isa = PBXBuildFile; fileRef = 5661B7E31F2631B50007C7B5 /* FriendsDetailViewController.swift */; };
		5661B7E61F2631B50007C7B5 /* FriendsDetailViewController.xib in Resources */ = {isa = PBXBuildFile; fileRef = 5661B7E41F2631B50007C7B5 /* FriendsDetailViewController.xib */; };
		5661B7E81F2631D80007C7B5 /* FriendsDetailView.swift in Sources */ = {isa = PBXBuildFile; fileRef = 5661B7E71F2631D80007C7B5 /* FriendsDetailView.swift */; };
		5661B7EA1F2634940007C7B5 /* UIView+Extensions.swift in Sources */ = {isa = PBXBuildFile; fileRef = 5661B7E91F2634940007C7B5 /* UIView+Extensions.swift */; };
		5661B7EC1F2635CC0007C7B5 /* FriendInfoContext.swift in Sources */ = {isa = PBXBuildFile; fileRef = 5661B7EB1F2635CC0007C7B5 /* FriendInfoContext.swift */; };
		5669066C1F138C2100A4980E /* AppDelegate.swift in Sources */ = {isa = PBXBuildFile; fileRef = 566906621F138C2100A4980E /* AppDelegate.swift */; };
		5669066D1F138C2100A4980E /* Info.plist in Resources */ = {isa = PBXBuildFile; fileRef = 566906631F138C2100A4980E /* Info.plist */; };
		5669066F1F138C2100A4980E /* Assets.xcassets in Resources */ = {isa = PBXBuildFile; fileRef = 566906661F138C2100A4980E /* Assets.xcassets */; };
		566906701F138C2100A4980E /* LaunchScreen.storyboard in Resources */ = {isa = PBXBuildFile; fileRef = 566906671F138C2100A4980E /* LaunchScreen.storyboard */; };
		5681D0BC1F2748310055AF62 /* FacebookContext.swift in Sources */ = {isa = PBXBuildFile; fileRef = 5681D0BB1F2748310055AF62 /* FacebookContext.swift */; };
		569022A31F1C97EC00FAB3BC /* IDPLoading.swift in Sources */ = {isa = PBXBuildFile; fileRef = 569022A21F1C97EC00FAB3BC /* IDPLoading.swift */; };
		569022A61F1CA5D700FAB3BC /* IDPImageView.swift in Sources */ = {isa = PBXBuildFile; fileRef = 569022A51F1CA5D700FAB3BC /* IDPImageView.swift */; };
		569022AA1F1CACAB00FAB3BC /* IDPLoginViewController.swift in Sources */ = {isa = PBXBuildFile; fileRef = 569022A81F1CACAB00FAB3BC /* IDPLoginViewController.swift */; };
		569022AB1F1CACAB00FAB3BC /* IDPLoginViewController.xib in Resources */ = {isa = PBXBuildFile; fileRef = 569022A91F1CACAB00FAB3BC /* IDPLoginViewController.xib */; };
		569022AD1F1CACDD00FAB3BC /* IDPLoginView.swift in Sources */ = {isa = PBXBuildFile; fileRef = 569022AC1F1CACDD00FAB3BC /* IDPLoginView.swift */; };
		569022B11F1CAFD300FAB3BC /* IDPFriendsViewController.swift in Sources */ = {isa = PBXBuildFile; fileRef = 569022AF1F1CAFD300FAB3BC /* IDPFriendsViewController.swift */; };
		569022B21F1CAFD300FAB3BC /* IDPFriendsViewController.xib in Resources */ = {isa = PBXBuildFile; fileRef = 569022B01F1CAFD300FAB3BC /* IDPFriendsViewController.xib */; };
		569022B41F1CAFEB00FAB3BC /* IDPFriendsView.swift in Sources */ = {isa = PBXBuildFile; fileRef = 569022B31F1CAFEB00FAB3BC /* IDPFriendsView.swift */; };
		8821E6698657DAA8A6D496EE /* Pods_SwiftTask.framework in Frameworks */ = {isa = PBXBuildFile; fileRef = 35D32BC925E9AD1A66F3F5DF /* Pods_SwiftTask.framework */; };
/* End PBXBuildFile section */

/* Begin PBXFileReference section */
		35D32BC925E9AD1A66F3F5DF /* Pods_SwiftTask.framework */ = {isa = PBXFileReference; explicitFileType = wrapper.framework; includeInIndex = 0; path = Pods_SwiftTask.framework; sourceTree = BUILT_PRODUCTS_DIR; };
		561010941F177EF3006C3273 /* IDPBaseContext.swift */ = {isa = PBXFileReference; fileEncoding = 4; lastKnownFileType = sourcecode.swift; path = IDPBaseContext.swift; sourceTree = "<group>"; };
		561010981F17807C006C3273 /* IDPLoginContext.swift */ = {isa = PBXFileReference; fileEncoding = 4; lastKnownFileType = sourcecode.swift; path = IDPLoginContext.swift; sourceTree = "<group>"; };
		561010A41F17964F006C3273 /* IDPFriendListContext.swift */ = {isa = PBXFileReference; fileEncoding = 4; lastKnownFileType = sourcecode.swift; path = IDPFriendListContext.swift; sourceTree = "<group>"; };
		561010A71F179BF9006C3273 /* IDPUserCell.swift */ = {isa = PBXFileReference; fileEncoding = 4; lastKnownFileType = sourcecode.swift; path = IDPUserCell.swift; sourceTree = "<group>"; };
		561010A81F179BF9006C3273 /* IDPUserCell.xib */ = {isa = PBXFileReference; fileEncoding = 4; lastKnownFileType = file.xib; path = IDPUserCell.xib; sourceTree = "<group>"; };
		561010AF1F17AB83006C3273 /* IDPUser.swift */ = {isa = PBXFileReference; fileEncoding = 4; lastKnownFileType = sourcecode.swift; path = IDPUser.swift; sourceTree = "<group>"; };
		561010B31F17B14C006C3273 /* UINib+IDPExtensions.swift */ = {isa = PBXFileReference; fileEncoding = 4; lastKnownFileType = sourcecode.swift; path = "UINib+IDPExtensions.swift"; sourceTree = "<group>"; };
		561010B51F17B234006C3273 /* Array+IDPExtensions.swift */ = {isa = PBXFileReference; fileEncoding = 4; lastKnownFileType = sourcecode.swift; path = "Array+IDPExtensions.swift"; sourceTree = "<group>"; };
		56235E831F2F161A00595B78 /* RootViewGettable.swift */ = {isa = PBXFileReference; fileEncoding = 4; lastKnownFileType = sourcecode.swift; path = RootViewGettable.swift; sourceTree = "<group>"; };
		563EF2931F1F3FA600241810 /* IDPFileSystemImageModel.swift */ = {isa = PBXFileReference; fileEncoding = 4; lastKnownFileType = sourcecode.swift; path = IDPFileSystemImageModel.swift; sourceTree = "<group>"; };
		563EF2951F1F3FBE00241810 /* IDPInternetImageModel.swift */ = {isa = PBXFileReference; fileEncoding = 4; lastKnownFileType = sourcecode.swift; path = IDPInternetImageModel.swift; sourceTree = "<group>"; };
		563FE3F61F1DF3C8000331B9 /* IDPViewController.swift */ = {isa = PBXFileReference; fileEncoding = 4; lastKnownFileType = sourcecode.swift; path = IDPViewController.swift; sourceTree = "<group>"; };
		563FE3FA1F1DF791000331B9 /* IDPObservableObject.swift */ = {isa = PBXFileReference; fileEncoding = 4; lastKnownFileType = sourcecode.swift; path = IDPObservableObject.swift; sourceTree = "<group>"; };
		563FE3FB1F1DF791000331B9 /* IDPObservationController.swift */ = {isa = PBXFileReference; fileEncoding = 4; lastKnownFileType = sourcecode.swift; path = IDPObservationController.swift; sourceTree = "<group>"; };
		563FE3FD1F1DF791000331B9 /* IDPTableViewCell.swift */ = {isa = PBXFileReference; fileEncoding = 4; lastKnownFileType = sourcecode.swift; path = IDPTableViewCell.swift; sourceTree = "<group>"; };
		563FE4021F1DF7F7000331B9 /* IDPCache.swift */ = {isa = PBXFileReference; fileEncoding = 4; lastKnownFileType = sourcecode.swift; path = IDPCache.swift; sourceTree = "<group>"; };
		563FE4051F1DFDC3000331B9 /* IDPImageModel.swift */ = {isa = PBXFileReference; fileEncoding = 4; lastKnownFileType = sourcecode.swift; path = IDPImageModel.swift; sourceTree = "<group>"; };
		563FE4071F1E0042000331B9 /* URL+IDPExtensions.swift */ = {isa = PBXFileReference; fileEncoding = 4; lastKnownFileType = sourcecode.swift; path = "URL+IDPExtensions.swift"; sourceTree = "<group>"; };
		563FE4091F1E00A0000331B9 /* FileManager+IDPExtensions.swift */ = {isa = PBXFileReference; fileEncoding = 4; lastKnownFileType = sourcecode.swift; path = "FileManager+IDPExtensions.swift"; sourceTree = "<group>"; };
		563FE40E1F1E2E62000331B9 /* IDPGCD.swift */ = {isa = PBXFileReference; fileEncoding = 4; lastKnownFileType = sourcecode.swift; path = IDPGCD.swift; sourceTree = "<group>"; };
		5642CE131F18A287002D9F5C /* UITableView+Extensions.swift */ = {isa = PBXFileReference; fileEncoding = 4; lastKnownFileType = sourcecode.swift; path = "UITableView+Extensions.swift"; sourceTree = "<group>"; };
		5642CE161F18BEFB002D9F5C /* IDPModel.swift */ = {isa = PBXFileReference; fileEncoding = 4; lastKnownFileType = sourcecode.swift; path = IDPModel.swift; sourceTree = "<group>"; };
		5642CE191F18C089002D9F5C /* IDPArrayModel.swift */ = {isa = PBXFileReference; fileEncoding = 4; lastKnownFileType = sourcecode.swift; path = IDPArrayModel.swift; sourceTree = "<group>"; };
		5642CE1B1F18D521002D9F5C /* Optional+IDPExtensions.swift */ = {isa = PBXFileReference; fileEncoding = 4; lastKnownFileType = sourcecode.swift; path = "Optional+IDPExtensions.swift"; sourceTree = "<group>"; };
		5642CE1E1F18F20E002D9F5C /* IDPUsersModel.swift */ = {isa = PBXFileReference; fileEncoding = 4; lastKnownFileType = sourcecode.swift; path = IDPUsersModel.swift; sourceTree = "<group>"; };
		5642CE251F191060002D9F5C /* IDPLoadingViewContainer.swift */ = {isa = PBXFileReference; fileEncoding = 4; lastKnownFileType = sourcecode.swift; path = IDPLoadingViewContainer.swift; sourceTree = "<group>"; };
		5642CE271F1910BE002D9F5C /* IDPLoadingView.swift */ = {isa = PBXFileReference; fileEncoding = 4; lastKnownFileType = sourcecode.swift; path = IDPLoadingView.swift; sourceTree = "<group>"; };
		5642CE291F1910D3002D9F5C /* ActivityIndicatorLoadingView.xib */ = {isa = PBXFileReference; fileEncoding = 4; lastKnownFileType = file.xib; path = ActivityIndicatorLoadingView.xib; sourceTree = "<group>"; };
		56449E9D1F272CE700CC092D /* ActivityIndicatorLoadingView.swift */ = {isa = PBXFileReference; fileEncoding = 4; lastKnownFileType = sourcecode.swift; path = ActivityIndicatorLoadingView.swift; sourceTree = "<group>"; };
		565B0B4D1F29E59C0045C59C /* NSLock+Extensions.swift */ = {isa = PBXFileReference; fileEncoding = 4; lastKnownFileType = sourcecode.swift; path = "NSLock+Extensions.swift"; sourceTree = "<group>"; };
		5661B7E31F2631B50007C7B5 /* FriendsDetailViewController.swift */ = {isa = PBXFileReference; fileEncoding = 4; lastKnownFileType = sourcecode.swift; path = FriendsDetailViewController.swift; sourceTree = "<group>"; };
		5661B7E41F2631B50007C7B5 /* FriendsDetailViewController.xib */ = {isa = PBXFileReference; fileEncoding = 4; lastKnownFileType = file.xib; path = FriendsDetailViewController.xib; sourceTree = "<group>"; };
		5661B7E71F2631D80007C7B5 /* FriendsDetailView.swift */ = {isa = PBXFileReference; fileEncoding = 4; lastKnownFileType = sourcecode.swift; path = FriendsDetailView.swift; sourceTree = "<group>"; };
		5661B7E91F2634940007C7B5 /* UIView+Extensions.swift */ = {isa = PBXFileReference; fileEncoding = 4; lastKnownFileType = sourcecode.swift; path = "UIView+Extensions.swift"; sourceTree = "<group>"; };
		5661B7EB1F2635CC0007C7B5 /* FriendInfoContext.swift */ = {isa = PBXFileReference; fileEncoding = 4; lastKnownFileType = sourcecode.swift; path = FriendInfoContext.swift; sourceTree = "<group>"; };
		5669064B1F1382A400A4980E /* SwiftTask.app */ = {isa = PBXFileReference; explicitFileType = wrapper.application; includeInIndex = 0; path = SwiftTask.app; sourceTree = BUILT_PRODUCTS_DIR; };
		566906621F138C2100A4980E /* AppDelegate.swift */ = {isa = PBXFileReference; fileEncoding = 4; lastKnownFileType = sourcecode.swift; path = AppDelegate.swift; sourceTree = "<group>"; };
		566906631F138C2100A4980E /* Info.plist */ = {isa = PBXFileReference; fileEncoding = 4; lastKnownFileType = text.plist.xml; path = Info.plist; sourceTree = "<group>"; };
		566906661F138C2100A4980E /* Assets.xcassets */ = {isa = PBXFileReference; lastKnownFileType = folder.assetcatalog; path = Assets.xcassets; sourceTree = "<group>"; };
		566906681F138C2100A4980E /* Base */ = {isa = PBXFileReference; lastKnownFileType = file.storyboard; name = Base; path = Base.lproj/LaunchScreen.storyboard; sourceTree = "<group>"; };
		5681D0BB1F2748310055AF62 /* FacebookContext.swift */ = {isa = PBXFileReference; fileEncoding = 4; lastKnownFileType = sourcecode.swift; path = FacebookContext.swift; sourceTree = "<group>"; };
		569022A21F1C97EC00FAB3BC /* IDPLoading.swift */ = {isa = PBXFileReference; fileEncoding = 4; lastKnownFileType = sourcecode.swift; path = IDPLoading.swift; sourceTree = "<group>"; };
		569022A51F1CA5D700FAB3BC /* IDPImageView.swift */ = {isa = PBXFileReference; fileEncoding = 4; lastKnownFileType = sourcecode.swift; path = IDPImageView.swift; sourceTree = "<group>"; };
		569022A81F1CACAB00FAB3BC /* IDPLoginViewController.swift */ = {isa = PBXFileReference; fileEncoding = 4; lastKnownFileType = sourcecode.swift; path = IDPLoginViewController.swift; sourceTree = "<group>"; };
		569022A91F1CACAB00FAB3BC /* IDPLoginViewController.xib */ = {isa = PBXFileReference; fileEncoding = 4; lastKnownFileType = file.xib; path = IDPLoginViewController.xib; sourceTree = "<group>"; };
		569022AC1F1CACDD00FAB3BC /* IDPLoginView.swift */ = {isa = PBXFileReference; fileEncoding = 4; lastKnownFileType = sourcecode.swift; path = IDPLoginView.swift; sourceTree = "<group>"; };
		569022AF1F1CAFD300FAB3BC /* IDPFriendsViewController.swift */ = {isa = PBXFileReference; fileEncoding = 4; lastKnownFileType = sourcecode.swift; path = IDPFriendsViewController.swift; sourceTree = "<group>"; };
		569022B01F1CAFD300FAB3BC /* IDPFriendsViewController.xib */ = {isa = PBXFileReference; fileEncoding = 4; lastKnownFileType = file.xib; path = IDPFriendsViewController.xib; sourceTree = "<group>"; };
		569022B31F1CAFEB00FAB3BC /* IDPFriendsView.swift */ = {isa = PBXFileReference; fileEncoding = 4; lastKnownFileType = sourcecode.swift; path = IDPFriendsView.swift; sourceTree = "<group>"; };
		6F0951B6731E00BA6E50E3F5 /* Pods-SwiftTask.debug.xcconfig */ = {isa = PBXFileReference; includeInIndex = 1; lastKnownFileType = text.xcconfig; name = "Pods-SwiftTask.debug.xcconfig"; path = "Pods/Target Support Files/Pods-SwiftTask/Pods-SwiftTask.debug.xcconfig"; sourceTree = "<group>"; };
		9AB022A488F5D6800696B05F /* Pods-SwiftTask.release.xcconfig */ = {isa = PBXFileReference; includeInIndex = 1; lastKnownFileType = text.xcconfig; name = "Pods-SwiftTask.release.xcconfig"; path = "Pods/Target Support Files/Pods-SwiftTask/Pods-SwiftTask.release.xcconfig"; sourceTree = "<group>"; };
/* End PBXFileReference section */

/* Begin PBXFrameworksBuildPhase section */
		566906481F1382A400A4980E /* Frameworks */ = {
			isa = PBXFrameworksBuildPhase;
			buildActionMask = 2147483647;
			files = (
				8821E6698657DAA8A6D496EE /* Pods_SwiftTask.framework in Frameworks */,
			);
			runOnlyForDeploymentPostprocessing = 0;
		};
/* End PBXFrameworksBuildPhase section */

/* Begin PBXGroup section */
		1DD977CBDD0F3A6C3A46D0EF /* Pods */ = {
			isa = PBXGroup;
			children = (
				6F0951B6731E00BA6E50E3F5 /* Pods-SwiftTask.debug.xcconfig */,
				9AB022A488F5D6800696B05F /* Pods-SwiftTask.release.xcconfig */,
			);
			name = Pods;
			sourceTree = "<group>";
		};
		350CDE3A80D9AA0BD9F77369 /* Frameworks */ = {
			isa = PBXGroup;
			children = (
				35D32BC925E9AD1A66F3F5DF /* Pods_SwiftTask.framework */,
			);
			name = Frameworks;
			sourceTree = "<group>";
		};
		561010A61F179B98006C3273 /* IDPUserCell */ = {
			isa = PBXGroup;
			children = (
				561010A71F179BF9006C3273 /* IDPUserCell.swift */,
				561010A81F179BF9006C3273 /* IDPUserCell.xib */,
			);
			path = IDPUserCell;
			sourceTree = "<group>";
		};
		561010AE1F17AB61006C3273 /* IDPUser */ = {
			isa = PBXGroup;
			children = (
				561010AF1F17AB83006C3273 /* IDPUser.swift */,
			);
			path = IDPUser;
			sourceTree = "<group>";
		};
		561010B21F17B130006C3273 /* Extensions */ = {
			isa = PBXGroup;
			children = (
				561010B31F17B14C006C3273 /* UINib+IDPExtensions.swift */,
				561010B51F17B234006C3273 /* Array+IDPExtensions.swift */,
				5642CE131F18A287002D9F5C /* UITableView+Extensions.swift */,
				5642CE1B1F18D521002D9F5C /* Optional+IDPExtensions.swift */,
				563FE4071F1E0042000331B9 /* URL+IDPExtensions.swift */,
				563FE4091F1E00A0000331B9 /* FileManager+IDPExtensions.swift */,
				5661B7E91F2634940007C7B5 /* UIView+Extensions.swift */,
				565B0B4D1F29E59C0045C59C /* NSLock+Extensions.swift */,
			);
			path = Extensions;
			sourceTree = "<group>";
		};
		563EF2921F1F3F7C00241810 /* Private */ = {
			isa = PBXGroup;
			children = (
				563EF2931F1F3FA600241810 /* IDPFileSystemImageModel.swift */,
				563EF2951F1F3FBE00241810 /* IDPInternetImageModel.swift */,
			);
			path = Private;
			sourceTree = "<group>";
		};
		563FE3F51F1DF3A6000331B9 /* IDPViewController */ = {
			isa = PBXGroup;
			children = (
				563FE3F61F1DF3C8000331B9 /* IDPViewController.swift */,
			);
			path = IDPViewController;
			sourceTree = "<group>";
		};
		563FE3F81F1DF791000331B9 /* Classes */ = {
			isa = PBXGroup;
			children = (
				563FE40D1F1E2E5B000331B9 /* IDPGCD */,
				563FE4011F1DF7C9000331B9 /* IDPCache */,
				563FE3F91F1DF791000331B9 /* IDPObservableObject */,
				563FE3FC1F1DF791000331B9 /* IDPTableViewCell */,
			);
			path = Classes;
			sourceTree = "<group>";
		};
		563FE3F91F1DF791000331B9 /* IDPObservableObject */ = {
			isa = PBXGroup;
			children = (
				563FE3FA1F1DF791000331B9 /* IDPObservableObject.swift */,
				563FE3FB1F1DF791000331B9 /* IDPObservationController.swift */,
			);
			path = IDPObservableObject;
			sourceTree = "<group>";
		};
		563FE3FC1F1DF791000331B9 /* IDPTableViewCell */ = {
			isa = PBXGroup;
			children = (
				563FE3FD1F1DF791000331B9 /* IDPTableViewCell.swift */,
			);
			path = IDPTableViewCell;
			sourceTree = "<group>";
		};
		563FE4011F1DF7C9000331B9 /* IDPCache */ = {
			isa = PBXGroup;
			children = (
				563FE4021F1DF7F7000331B9 /* IDPCache.swift */,
			);
			path = IDPCache;
			sourceTree = "<group>";
		};
		563FE4041F1DFDA3000331B9 /* IDPImageModel */ = {
			isa = PBXGroup;
			children = (
				563EF2921F1F3F7C00241810 /* Private */,
				563FE4051F1DFDC3000331B9 /* IDPImageModel.swift */,
			);
			path = IDPImageModel;
			sourceTree = "<group>";
		};
		563FE40D1F1E2E5B000331B9 /* IDPGCD */ = {
			isa = PBXGroup;
			children = (
				563FE40E1F1E2E62000331B9 /* IDPGCD.swift */,
			);
			path = IDPGCD;
			sourceTree = "<group>";
		};
		5642CE151F18BEF1002D9F5C /* IDPModel */ = {
			isa = PBXGroup;
			children = (
				5642CE161F18BEFB002D9F5C /* IDPModel.swift */,
			);
			path = IDPModel;
			sourceTree = "<group>";
		};
		5642CE181F18C07D002D9F5C /* IDPArrayModel */ = {
			isa = PBXGroup;
			children = (
				5642CE191F18C089002D9F5C /* IDPArrayModel.swift */,
			);
			path = IDPArrayModel;
			sourceTree = "<group>";
		};
		5642CE1D1F18F204002D9F5C /* IDPUsersModel */ = {
			isa = PBXGroup;
			children = (
				5642CE1E1F18F20E002D9F5C /* IDPUsersModel.swift */,
			);
			path = IDPUsersModel;
			sourceTree = "<group>";
		};
		5642CE201F190FE6002D9F5C /* Views */ = {
			isa = PBXGroup;
			children = (
				569022A41F1CA5A500FAB3BC /* IDPImageView */,
				5642CE231F191034002D9F5C /* IDPLoadingViewContainer */,
			);
			path = Views;
			sourceTree = "<group>";
		};
		5642CE231F191034002D9F5C /* IDPLoadingViewContainer */ = {
			isa = PBXGroup;
			children = (
				5642CE241F191034002D9F5C /* Private */,
				5642CE251F191060002D9F5C /* IDPLoadingViewContainer.swift */,
			);
			path = IDPLoadingViewContainer;
			sourceTree = "<group>";
		};
		5642CE241F191034002D9F5C /* Private */ = {
			isa = PBXGroup;
			children = (
				5642CE271F1910BE002D9F5C /* IDPLoadingView.swift */,
				5642CE291F1910D3002D9F5C /* ActivityIndicatorLoadingView.xib */,
				56449E9D1F272CE700CC092D /* ActivityIndicatorLoadingView.swift */,
			);
			path = Private;
			sourceTree = "<group>";
		};
		5661B7E21F2630640007C7B5 /* FriendsDetailViewController */ = {
			isa = PBXGroup;
			children = (
				5661B7E31F2631B50007C7B5 /* FriendsDetailViewController.swift */,
				5661B7E41F2631B50007C7B5 /* FriendsDetailViewController.xib */,
				5661B7E71F2631D80007C7B5 /* FriendsDetailView.swift */,
			);
			path = FriendsDetailViewController;
			sourceTree = "<group>";
		};
		566906421F1382A400A4980E = {
			isa = PBXGroup;
			children = (
				566906601F138C2100A4980E /* SwiftTask */,
				5669064C1F1382A400A4980E /* Products */,
				1DD977CBDD0F3A6C3A46D0EF /* Pods */,
				350CDE3A80D9AA0BD9F77369 /* Frameworks */,
			);
			sourceTree = "<group>";
		};
		5669064C1F1382A400A4980E /* Products */ = {
			isa = PBXGroup;
			children = (
				5669064B1F1382A400A4980E /* SwiftTask.app */,
			);
			name = Products;
			sourceTree = "<group>";
		};
		566906601F138C2100A4980E /* SwiftTask */ = {
			isa = PBXGroup;
			children = (
				566906611F138C2100A4980E /* Main */,
				566906651F138C2100A4980E /* Resources */,
				5669066B1F138C2100A4980E /* Sources */,
			);
			path = SwiftTask;
			sourceTree = "<group>";
		};
		566906611F138C2100A4980E /* Main */ = {
			isa = PBXGroup;
			children = (
				566906621F138C2100A4980E /* AppDelegate.swift */,
				566906631F138C2100A4980E /* Info.plist */,
			);
			path = Main;
			sourceTree = "<group>";
		};
		566906651F138C2100A4980E /* Resources */ = {
			isa = PBXGroup;
			children = (
				566906661F138C2100A4980E /* Assets.xcassets */,
				566906671F138C2100A4980E /* LaunchScreen.storyboard */,
			);
			path = Resources;
			sourceTree = "<group>";
		};
		5669066B1F138C2100A4980E /* Sources */ = {
			isa = PBXGroup;
			children = (
				566906721F13949E00A4980E /* Library */,
				566906731F13949E00A4980E /* Models */,
				566906741F13949E00A4980E /* UI */,
			);
			path = Sources;
			sourceTree = "<group>";
		};
		566906721F13949E00A4980E /* Library */ = {
			isa = PBXGroup;
			children = (
				563FE3F81F1DF791000331B9 /* Classes */,
				569022A11F1C97AD00FAB3BC /* Protocols */,
				561010B21F17B130006C3273 /* Extensions */,
			);
			path = Library;
			sourceTree = "<group>";
		};
		566906731F13949E00A4980E /* Models */ = {
			isa = PBXGroup;
			children = (
				563FE4041F1DFDA3000331B9 /* IDPImageModel */,
				5642CE1D1F18F204002D9F5C /* IDPUsersModel */,
				5642CE181F18C07D002D9F5C /* IDPArrayModel */,
				5642CE151F18BEF1002D9F5C /* IDPModel */,
				561010AE1F17AB61006C3273 /* IDPUser */,
				561010941F177EF3006C3273 /* IDPBaseContext.swift */,
				5681D0BB1F2748310055AF62 /* FacebookContext.swift */,
				561010981F17807C006C3273 /* IDPLoginContext.swift */,
				561010A41F17964F006C3273 /* IDPFriendListContext.swift */,
				5661B7EB1F2635CC0007C7B5 /* FriendInfoContext.swift */,
			);
			path = Models;
			sourceTree = "<group>";
		};
		566906741F13949E00A4980E /* UI */ = {
			isa = PBXGroup;
			children = (
				5661B7E21F2630640007C7B5 /* FriendsDetailViewController */,
				563FE3F51F1DF3A6000331B9 /* IDPViewController */,
				569022AE1F1CAFD300FAB3BC /* IDPFriendsViewController */,
				569022A71F1CACAB00FAB3BC /* IDPLoginViewController */,
				5642CE201F190FE6002D9F5C /* Views */,
				561010A61F179B98006C3273 /* IDPUserCell */,
			);
			path = UI;
			sourceTree = "<group>";
		};
		569022A11F1C97AD00FAB3BC /* Protocols */ = {
			isa = PBXGroup;
			children = (
				569022A21F1C97EC00FAB3BC /* IDPLoading.swift */,
				56235E831F2F161A00595B78 /* RootViewGettable.swift */,
			);
			path = Protocols;
			sourceTree = "<group>";
		};
		569022A41F1CA5A500FAB3BC /* IDPImageView */ = {
			isa = PBXGroup;
			children = (
				569022A51F1CA5D700FAB3BC /* IDPImageView.swift */,
			);
			path = IDPImageView;
			sourceTree = "<group>";
		};
		569022A71F1CACAB00FAB3BC /* IDPLoginViewController */ = {
			isa = PBXGroup;
			children = (
				569022A81F1CACAB00FAB3BC /* IDPLoginViewController.swift */,
				569022A91F1CACAB00FAB3BC /* IDPLoginViewController.xib */,
				569022AC1F1CACDD00FAB3BC /* IDPLoginView.swift */,
			);
			path = IDPLoginViewController;
			sourceTree = "<group>";
		};
		569022AE1F1CAFD300FAB3BC /* IDPFriendsViewController */ = {
			isa = PBXGroup;
			children = (
				569022AF1F1CAFD300FAB3BC /* IDPFriendsViewController.swift */,
				569022B01F1CAFD300FAB3BC /* IDPFriendsViewController.xib */,
				569022B31F1CAFEB00FAB3BC /* IDPFriendsView.swift */,
			);
			path = IDPFriendsViewController;
			sourceTree = "<group>";
		};
/* End PBXGroup section */

/* Begin PBXNativeTarget section */
		5669064A1F1382A400A4980E /* SwiftTask */ = {
			isa = PBXNativeTarget;
			buildConfigurationList = 5669065D1F1382A400A4980E /* Build configuration list for PBXNativeTarget "SwiftTask" */;
			buildPhases = (
				8A91A096F0031133BEFFB4EB /* [CP] Check Pods Manifest.lock */,
				566906471F1382A400A4980E /* Sources */,
				566906481F1382A400A4980E /* Frameworks */,
				566906491F1382A400A4980E /* Resources */,
				ED7F9A9085F193D52D6D978A /* [CP] Embed Pods Frameworks */,
				4D5D9A05A94B591588D143BE /* [CP] Copy Pods Resources */,
			);
			buildRules = (
			);
			dependencies = (
			);
			name = SwiftTask;
			productName = SwiftTask;
			productReference = 5669064B1F1382A400A4980E /* SwiftTask.app */;
			productType = "com.apple.product-type.application";
		};
/* End PBXNativeTarget section */

/* Begin PBXProject section */
		566906431F1382A400A4980E /* Project object */ = {
			isa = PBXProject;
			attributes = {
				LastSwiftUpdateCheck = 0820;
				LastUpgradeCheck = 0820;
				ORGANIZATIONNAME = Student003;
				TargetAttributes = {
					5669064A1F1382A400A4980E = {
						CreatedOnToolsVersion = 8.2.1;
						ProvisioningStyle = Automatic;
					};
				};
			};
			buildConfigurationList = 566906461F1382A400A4980E /* Build configuration list for PBXProject "SwiftTask" */;
			compatibilityVersion = "Xcode 3.2";
			developmentRegion = English;
			hasScannedForEncodings = 0;
			knownRegions = (
				en,
				Base,
			);
			mainGroup = 566906421F1382A400A4980E;
			productRefGroup = 5669064C1F1382A400A4980E /* Products */;
			projectDirPath = "";
			projectRoot = "";
			targets = (
				5669064A1F1382A400A4980E /* SwiftTask */,
			);
		};
/* End PBXProject section */

/* Begin PBXResourcesBuildPhase section */
		566906491F1382A400A4980E /* Resources */ = {
			isa = PBXResourcesBuildPhase;
			buildActionMask = 2147483647;
			files = (
				566906701F138C2100A4980E /* LaunchScreen.storyboard in Resources */,
				569022B21F1CAFD300FAB3BC /* IDPFriendsViewController.xib in Resources */,
				561010AA1F179BF9006C3273 /* IDPUserCell.xib in Resources */,
				5669066F1F138C2100A4980E /* Assets.xcassets in Resources */,
				569022AB1F1CACAB00FAB3BC /* IDPLoginViewController.xib in Resources */,
				5661B7E61F2631B50007C7B5 /* FriendsDetailViewController.xib in Resources */,
				5642CE2A1F1910D3002D9F5C /* ActivityIndicatorLoadingView.xib in Resources */,
				5669066D1F138C2100A4980E /* Info.plist in Resources */,
			);
			runOnlyForDeploymentPostprocessing = 0;
		};
/* End PBXResourcesBuildPhase section */

/* Begin PBXShellScriptBuildPhase section */
		4D5D9A05A94B591588D143BE /* [CP] Copy Pods Resources */ = {
			isa = PBXShellScriptBuildPhase;
			buildActionMask = 2147483647;
			files = (
			);
			inputPaths = (
			);
			name = "[CP] Copy Pods Resources";
			outputPaths = (
			);
			runOnlyForDeploymentPostprocessing = 0;
			shellPath = /bin/sh;
			shellScript = "\"${SRCROOT}/Pods/Target Support Files/Pods-SwiftTask/Pods-SwiftTask-resources.sh\"\n";
			showEnvVarsInLog = 0;
		};
		8A91A096F0031133BEFFB4EB /* [CP] Check Pods Manifest.lock */ = {
			isa = PBXShellScriptBuildPhase;
			buildActionMask = 2147483647;
			files = (
			);
			inputPaths = (
			);
			name = "[CP] Check Pods Manifest.lock";
			outputPaths = (
			);
			runOnlyForDeploymentPostprocessing = 0;
			shellPath = /bin/sh;
			shellScript = "diff \"${PODS_PODFILE_DIR_PATH}/Podfile.lock\" \"${PODS_ROOT}/Manifest.lock\" > /dev/null\nif [ $? != 0 ] ; then\n    # print error to STDERR\n    echo \"error: The sandbox is not in sync with the Podfile.lock. Run 'pod install' or update your CocoaPods installation.\" >&2\n    exit 1\nfi\n";
			showEnvVarsInLog = 0;
		};
		ED7F9A9085F193D52D6D978A /* [CP] Embed Pods Frameworks */ = {
			isa = PBXShellScriptBuildPhase;
			buildActionMask = 2147483647;
			files = (
			);
			inputPaths = (
			);
			name = "[CP] Embed Pods Frameworks";
			outputPaths = (
			);
			runOnlyForDeploymentPostprocessing = 0;
			shellPath = /bin/sh;
			shellScript = "\"${SRCROOT}/Pods/Target Support Files/Pods-SwiftTask/Pods-SwiftTask-frameworks.sh\"\n";
			showEnvVarsInLog = 0;
		};
/* End PBXShellScriptBuildPhase section */

/* Begin PBXSourcesBuildPhase section */
		566906471F1382A400A4980E /* Sources */ = {
			isa = PBXSourcesBuildPhase;
			buildActionMask = 2147483647;
			files = (
				569022A61F1CA5D700FAB3BC /* IDPImageView.swift in Sources */,
				563EF2961F1F3FBE00241810 /* IDPInternetImageModel.swift in Sources */,
				561010A91F179BF9006C3273 /* IDPUserCell.swift in Sources */,
				565B0B4E1F29E59C0045C59C /* NSLock+Extensions.swift in Sources */,
				561010951F177EF3006C3273 /* IDPBaseContext.swift in Sources */,
				563FE4061F1DFDC3000331B9 /* IDPImageModel.swift in Sources */,
				5642CE281F1910BE002D9F5C /* IDPLoadingView.swift in Sources */,
				569022AD1F1CACDD00FAB3BC /* IDPLoginView.swift in Sources */,
				563FE4001F1DF791000331B9 /* IDPTableViewCell.swift in Sources */,
				5642CE1F1F18F20E002D9F5C /* IDPUsersModel.swift in Sources */,
				569022AA1F1CACAB00FAB3BC /* IDPLoginViewController.swift in Sources */,
				563FE4081F1E0042000331B9 /* URL+IDPExtensions.swift in Sources */,
				561010B41F17B14C006C3273 /* UINib+IDPExtensions.swift in Sources */,
				563FE40A1F1E00A0000331B9 /* FileManager+IDPExtensions.swift in Sources */,
				5642CE1C1F18D521002D9F5C /* Optional+IDPExtensions.swift in Sources */,
				561010B01F17AB83006C3273 /* IDPUser.swift in Sources */,
				56235E841F2F161A00595B78 /* RootViewGettable.swift in Sources */,
				5661B7EC1F2635CC0007C7B5 /* FriendInfoContext.swift in Sources */,
				563EF2941F1F3FA600241810 /* IDPFileSystemImageModel.swift in Sources */,
				569022B41F1CAFEB00FAB3BC /* IDPFriendsView.swift in Sources */,
				5642CE1A1F18C089002D9F5C /* IDPArrayModel.swift in Sources */,
				5681D0BC1F2748310055AF62 /* FacebookContext.swift in Sources */,
				563FE3FF1F1DF791000331B9 /* IDPObservationController.swift in Sources */,
				5661B7E51F2631B50007C7B5 /* FriendsDetailViewController.swift in Sources */,
				5642CE141F18A287002D9F5C /* UITableView+Extensions.swift in Sources */,
				569022B11F1CAFD300FAB3BC /* IDPFriendsViewController.swift in Sources */,
				5642CE171F18BEFB002D9F5C /* IDPModel.swift in Sources */,
				56449E9E1F272CE700CC092D /* ActivityIndicatorLoadingView.swift in Sources */,
				5661B7E81F2631D80007C7B5 /* FriendsDetailView.swift in Sources */,
				563FE3F71F1DF3C8000331B9 /* IDPViewController.swift in Sources */,
				5669066C1F138C2100A4980E /* AppDelegate.swift in Sources */,
				561010991F17807C006C3273 /* IDPLoginContext.swift in Sources */,
				561010A51F17964F006C3273 /* IDPFriendListContext.swift in Sources */,
				561010B61F17B234006C3273 /* Array+IDPExtensions.swift in Sources */,
				5661B7EA1F2634940007C7B5 /* UIView+Extensions.swift in Sources */,
				563FE3FE1F1DF791000331B9 /* IDPObservableObject.swift in Sources */,
				563FE40F1F1E2E62000331B9 /* IDPGCD.swift in Sources */,
				563FE4031F1DF7F7000331B9 /* IDPCache.swift in Sources */,
				569022A31F1C97EC00FAB3BC /* IDPLoading.swift in Sources */,
				5642CE261F191060002D9F5C /* IDPLoadingViewContainer.swift in Sources */,
			);
			runOnlyForDeploymentPostprocessing = 0;
		};
/* End PBXSourcesBuildPhase section */

/* Begin PBXVariantGroup section */
		566906671F138C2100A4980E /* LaunchScreen.storyboard */ = {
			isa = PBXVariantGroup;
			children = (
				566906681F138C2100A4980E /* Base */,
			);
			name = LaunchScreen.storyboard;
			sourceTree = "<group>";
		};
/* End PBXVariantGroup section */

/* Begin XCBuildConfiguration section */
		5669065B1F1382A400A4980E /* Debug */ = {
			isa = XCBuildConfiguration;
			buildSettings = {
				ALWAYS_SEARCH_USER_PATHS = NO;
				CLANG_ANALYZER_NONNULL = YES;
				CLANG_CXX_LANGUAGE_STANDARD = "gnu++0x";
				CLANG_CXX_LIBRARY = "libc++";
				CLANG_ENABLE_MODULES = YES;
				CLANG_ENABLE_OBJC_ARC = YES;
				CLANG_WARN_BOOL_CONVERSION = YES;
				CLANG_WARN_CONSTANT_CONVERSION = YES;
				CLANG_WARN_DIRECT_OBJC_ISA_USAGE = YES_ERROR;
				CLANG_WARN_DOCUMENTATION_COMMENTS = YES;
				CLANG_WARN_EMPTY_BODY = YES;
				CLANG_WARN_ENUM_CONVERSION = YES;
				CLANG_WARN_INFINITE_RECURSION = YES;
				CLANG_WARN_INT_CONVERSION = YES;
				CLANG_WARN_OBJC_ROOT_CLASS = YES_ERROR;
				CLANG_WARN_SUSPICIOUS_MOVE = YES;
				CLANG_WARN_UNREACHABLE_CODE = YES;
				CLANG_WARN__DUPLICATE_METHOD_MATCH = YES;
				"CODE_SIGN_IDENTITY[sdk=iphoneos*]" = "iPhone Developer";
				COPY_PHASE_STRIP = NO;
				DEBUG_INFORMATION_FORMAT = dwarf;
				ENABLE_STRICT_OBJC_MSGSEND = YES;
				ENABLE_TESTABILITY = YES;
				GCC_C_LANGUAGE_STANDARD = gnu99;
				GCC_DYNAMIC_NO_PIC = NO;
				GCC_NO_COMMON_BLOCKS = YES;
				GCC_OPTIMIZATION_LEVEL = 0;
				GCC_PREPROCESSOR_DEFINITIONS = (
					"DEBUG=1",
					"$(inherited)",
				);
				GCC_WARN_64_TO_32_BIT_CONVERSION = YES;
				GCC_WARN_ABOUT_RETURN_TYPE = YES_ERROR;
				GCC_WARN_UNDECLARED_SELECTOR = YES;
				GCC_WARN_UNINITIALIZED_AUTOS = YES_AGGRESSIVE;
				GCC_WARN_UNUSED_FUNCTION = YES;
				GCC_WARN_UNUSED_VARIABLE = YES;
				IPHONEOS_DEPLOYMENT_TARGET = 10.2;
				MTL_ENABLE_DEBUG_INFO = YES;
				ONLY_ACTIVE_ARCH = YES;
				SDKROOT = iphoneos;
				SWIFT_ACTIVE_COMPILATION_CONDITIONS = DEBUG;
				SWIFT_OPTIMIZATION_LEVEL = "-Onone";
			};
			name = Debug;
		};
		5669065C1F1382A400A4980E /* Release */ = {
			isa = XCBuildConfiguration;
			buildSettings = {
				ALWAYS_SEARCH_USER_PATHS = NO;
				CLANG_ANALYZER_NONNULL = YES;
				CLANG_CXX_LANGUAGE_STANDARD = "gnu++0x";
				CLANG_CXX_LIBRARY = "libc++";
				CLANG_ENABLE_MODULES = YES;
				CLANG_ENABLE_OBJC_ARC = YES;
				CLANG_WARN_BOOL_CONVERSION = YES;
				CLANG_WARN_CONSTANT_CONVERSION = YES;
				CLANG_WARN_DIRECT_OBJC_ISA_USAGE = YES_ERROR;
				CLANG_WARN_DOCUMENTATION_COMMENTS = YES;
				CLANG_WARN_EMPTY_BODY = YES;
				CLANG_WARN_ENUM_CONVERSION = YES;
				CLANG_WARN_INFINITE_RECURSION = YES;
				CLANG_WARN_INT_CONVERSION = YES;
				CLANG_WARN_OBJC_ROOT_CLASS = YES_ERROR;
				CLANG_WARN_SUSPICIOUS_MOVE = YES;
				CLANG_WARN_UNREACHABLE_CODE = YES;
				CLANG_WARN__DUPLICATE_METHOD_MATCH = YES;
				"CODE_SIGN_IDENTITY[sdk=iphoneos*]" = "iPhone Developer";
				COPY_PHASE_STRIP = NO;
				DEBUG_INFORMATION_FORMAT = "dwarf-with-dsym";
				ENABLE_NS_ASSERTIONS = NO;
				ENABLE_STRICT_OBJC_MSGSEND = YES;
				GCC_C_LANGUAGE_STANDARD = gnu99;
				GCC_NO_COMMON_BLOCKS = YES;
				GCC_WARN_64_TO_32_BIT_CONVERSION = YES;
				GCC_WARN_ABOUT_RETURN_TYPE = YES_ERROR;
				GCC_WARN_UNDECLARED_SELECTOR = YES;
				GCC_WARN_UNINITIALIZED_AUTOS = YES_AGGRESSIVE;
				GCC_WARN_UNUSED_FUNCTION = YES;
				GCC_WARN_UNUSED_VARIABLE = YES;
				IPHONEOS_DEPLOYMENT_TARGET = 10.2;
				MTL_ENABLE_DEBUG_INFO = NO;
				SDKROOT = iphoneos;
				SWIFT_OPTIMIZATION_LEVEL = "-Owholemodule";
				VALIDATE_PRODUCT = YES;
			};
			name = Release;
		};
		5669065E1F1382A400A4980E /* Debug */ = {
			isa = XCBuildConfiguration;
			baseConfigurationReference = 6F0951B6731E00BA6E50E3F5 /* Pods-SwiftTask.debug.xcconfig */;
			buildSettings = {
				ASSETCATALOG_COMPILER_APPICON_NAME = AppIcon;
				INFOPLIST_FILE = "$(SRCROOT)/SwiftTask/Main/Info.plist";
				LD_RUNPATH_SEARCH_PATHS = "$(inherited) @executable_path/Frameworks";
				PRODUCT_BUNDLE_IDENTIFIER = IDP.SwiftTask;
				PRODUCT_NAME = "$(TARGET_NAME)";
				SWIFT_VERSION = 3.0;
			};
			name = Debug;
		};
		5669065F1F1382A400A4980E /* Release */ = {
			isa = XCBuildConfiguration;
			baseConfigurationReference = 9AB022A488F5D6800696B05F /* Pods-SwiftTask.release.xcconfig */;
			buildSettings = {
				ASSETCATALOG_COMPILER_APPICON_NAME = AppIcon;
				INFOPLIST_FILE = "$(SRCROOT)/SwiftTask/Main/Info.plist";
				LD_RUNPATH_SEARCH_PATHS = "$(inherited) @executable_path/Frameworks";
				PRODUCT_BUNDLE_IDENTIFIER = IDP.SwiftTask;
				PRODUCT_NAME = "$(TARGET_NAME)";
				SWIFT_VERSION = 3.0;
			};
			name = Release;
		};
/* End XCBuildConfiguration section */

/* Begin XCConfigurationList section */
		566906461F1382A400A4980E /* Build configuration list for PBXProject "SwiftTask" */ = {
			isa = XCConfigurationList;
			buildConfigurations = (
				5669065B1F1382A400A4980E /* Debug */,
				5669065C1F1382A400A4980E /* Release */,
			);
			defaultConfigurationIsVisible = 0;
			defaultConfigurationName = Release;
		};
		5669065D1F1382A400A4980E /* Build configuration list for PBXNativeTarget "SwiftTask" */ = {
			isa = XCConfigurationList;
			buildConfigurations = (
				5669065E1F1382A400A4980E /* Debug */,
				5669065F1F1382A400A4980E /* Release */,
			);
			defaultConfigurationIsVisible = 0;
			defaultConfigurationName = Release;
		};
/* End XCConfigurationList section */
	};
	rootObject = 566906431F1382A400A4980E /* Project object */;
}
